
Microsoft Visual Studio Solution File, Format Version 12.00
# Visual Studio Version 16
VisualStudioVersion = 16.0.32228.343
MinimumVisualStudioVersion = 10.0.40219.1
Project("{9A19103F-16F7-4668-BE54-9A1E7A4F7556}") = "TemplateWebApi2.Domain", "TemplateWebApi2.Domain\TemplateWebApi2.Domain.csproj", "{D5567F58-CBAC-49CF-9EDE-5A39431B50E7}"
EndProject
Project("{9A19103F-16F7-4668-BE54-9A1E7A4F7556}") = "TemplateWebApi2.Application", "TemplateWebApi2.Application\TemplateWebApi2.Application.csproj", "{0B84B2E5-834A-45C1-874D-1B90BB4C8F33}"
EndProject
Project("{9A19103F-16F7-4668-BE54-9A1E7A4F7556}") = "TemplateWebApi2.Infrastructure", "TemplateWebApi2.Infrastructure\TemplateWebApi2.Infrastructure.csproj", "{BE8AA4D7-411B-464A-AEC3-59D8B04F84E2}"
EndProject
Project("{9A19103F-16F7-4668-BE54-9A1E7A4F7556}") = "TemplateWebApi2.WebApi", "TemplateWebApi2.WebApi\TemplateWebApi2.WebApi.csproj", "{DD979BE1-32F7-4080-914E-3FE98C939B8C}"
EndProject
Project("{FAE04EC0-301F-11D3-BF4B-00C04F79EFBC}") = "TemplateWebApi2.Application.Tests", "TemplateWebApi2.Application.Tests\TemplateWebApi2.Application.Tests.csproj", "{EB4A78AB-0639-4060-A4AD-7F2CF9CAE5EC}"
EndProject
Global
	GlobalSection(SolutionConfigurationPlatforms) = preSolution
		Debug|Any CPU = Debug|Any CPU
		Release|Any CPU = Release|Any CPU
	EndGlobalSection
	GlobalSection(ProjectConfigurationPlatforms) = postSolution
		{D5567F58-CBAC-49CF-9EDE-5A39431B50E7}.Debug|Any CPU.ActiveCfg = Debug|Any CPU
		{D5567F58-CBAC-49CF-9EDE-5A39431B50E7}.Debug|Any CPU.Build.0 = Debug|Any CPU
		{D5567F58-CBAC-49CF-9EDE-5A39431B50E7}.Release|Any CPU.ActiveCfg = Release|Any CPU
		{D5567F58-CBAC-49CF-9EDE-5A39431B50E7}.Release|Any CPU.Build.0 = Release|Any CPU
		{0B84B2E5-834A-45C1-874D-1B90BB4C8F33}.Debug|Any CPU.ActiveCfg = Debug|Any CPU
		{0B84B2E5-834A-45C1-874D-1B90BB4C8F33}.Debug|Any CPU.Build.0 = Debug|Any CPU
		{0B84B2E5-834A-45C1-874D-1B90BB4C8F33}.Release|Any CPU.ActiveCfg = Release|Any CPU
		{0B84B2E5-834A-45C1-874D-1B90BB4C8F33}.Release|Any CPU.Build.0 = Release|Any CPU
		{BE8AA4D7-411B-464A-AEC3-59D8B04F84E2}.Debug|Any CPU.ActiveCfg = Debug|Any CPU
		{BE8AA4D7-411B-464A-AEC3-59D8B04F84E2}.Debug|Any CPU.Build.0 = Debug|Any CPU
		{BE8AA4D7-411B-464A-AEC3-59D8B04F84E2}.Release|Any CPU.ActiveCfg = Release|Any CPU
		{BE8AA4D7-411B-464A-AEC3-59D8B04F84E2}.Release|Any CPU.Build.0 = Release|Any CPU
		{DD979BE1-32F7-4080-914E-3FE98C939B8C}.Debug|Any CPU.ActiveCfg = Debug|Any CPU
		{DD979BE1-32F7-4080-914E-3FE98C939B8C}.Debug|Any CPU.Build.0 = Debug|Any CPU
		{DD979BE1-32F7-4080-914E-3FE98C939B8C}.Release|Any CPU.ActiveCfg = Release|Any CPU
		{DD979BE1-32F7-4080-914E-3FE98C939B8C}.Release|Any CPU.Build.0 = Release|Any CPU
		{EB4A78AB-0639-4060-A4AD-7F2CF9CAE5EC}.Debug|Any CPU.ActiveCfg = Debug|Any CPU
		{EB4A78AB-0639-4060-A4AD-7F2CF9CAE5EC}.Debug|Any CPU.Build.0 = Debug|Any CPU
		{EB4A78AB-0639-4060-A4AD-7F2CF9CAE5EC}.Release|Any CPU.ActiveCfg = Release|Any CPU
		{EB4A78AB-0639-4060-A4AD-7F2CF9CAE5EC}.Release|Any CPU.Build.0 = Release|Any CPU
	EndGlobalSection
	GlobalSection(SolutionProperties) = preSolution
		HideSolutionNode = FALSE
	EndGlobalSection
	GlobalSection(ExtensibilityGlobals) = postSolution
		SolutionGuid = {DE262A7D-1E4D-4409-91C5-2DCEF0133358}
	EndGlobalSection
EndGlobal
